
Microsoft Visual Studio Solution File, Format Version 12.00
# Visual Studio Version 16
VisualStudioVersion = 16.0.29326.143
MinimumVisualStudioVersion = 10.0.40219.1
Project("{FAE04EC0-301F-11D3-BF4B-00C04F79EFBC}") = "задание 5 лаба 10", "задание 5 лаба 10\задание 5 лаба 10.csproj", "{255F5C12-D5D0-4351-B062-4A35CFE56848}"
EndProject
Global
	GlobalSection(SolutionConfigurationPlatforms) = preSolution
		Debug|Any CPU = Debug|Any CPU
		Release|Any CPU = Release|Any CPU
	EndGlobalSection
	GlobalSection(ProjectConfigurationPlatforms) = postSolution
		{255F5C12-D5D0-4351-B062-4A35CFE56848}.Debug|Any CPU.ActiveCfg = Debug|Any CPU
		{255F5C12-D5D0-4351-B062-4A35CFE56848}.Debug|Any CPU.Build.0 = Debug|Any CPU
		{255F5C12-D5D0-4351-B062-4A35CFE56848}.Release|Any CPU.ActiveCfg = Release|Any CPU
		{255F5C12-D5D0-4351-B062-4A35CFE56848}.Release|Any CPU.Build.0 = Release|Any CPU
	EndGlobalSection
	GlobalSection(SolutionProperties) = preSolution
		HideSolutionNode = FALSE
	EndGlobalSection
	GlobalSection(ExtensibilityGlobals) = postSolution
		SolutionGuid = {35347919-6797-4159-B4AF-0FEF2E2D2B31}
	EndGlobalSection
EndGlobal
