
Microsoft Visual Studio Solution File, Format Version 12.00
# Visual Studio Version 16
VisualStudioVersion = 16.0.29326.143
MinimumVisualStudioVersion = 10.0.40219.1
Project("{FAE04EC0-301F-11D3-BF4B-00C04F79EFBC}") = "задание 4 лаба 14", "задание 4 лаба 14\задание 4 лаба 14.csproj", "{32B6ACEC-9273-4C86-9C39-94815BFBC134}"
EndProject
Global
	GlobalSection(SolutionConfigurationPlatforms) = preSolution
		Debug|Any CPU = Debug|Any CPU
		Release|Any CPU = Release|Any CPU
	EndGlobalSection
	GlobalSection(ProjectConfigurationPlatforms) = postSolution
		{32B6ACEC-9273-4C86-9C39-94815BFBC134}.Debug|Any CPU.ActiveCfg = Debug|Any CPU
		{32B6ACEC-9273-4C86-9C39-94815BFBC134}.Debug|Any CPU.Build.0 = Debug|Any CPU
		{32B6ACEC-9273-4C86-9C39-94815BFBC134}.Release|Any CPU.ActiveCfg = Release|Any CPU
		{32B6ACEC-9273-4C86-9C39-94815BFBC134}.Release|Any CPU.Build.0 = Release|Any CPU
	EndGlobalSection
	GlobalSection(SolutionProperties) = preSolution
		HideSolutionNode = FALSE
	EndGlobalSection
	GlobalSection(ExtensibilityGlobals) = postSolution
		SolutionGuid = {434757A6-56C1-4AC0-8B9F-81F59BECF139}
	EndGlobalSection
EndGlobal
