
Microsoft Visual Studio Solution File, Format Version 12.00
# Visual Studio Version 16
VisualStudioVersion = 16.0.29326.143
MinimumVisualStudioVersion = 10.0.40219.1
Project("{FAE04EC0-301F-11D3-BF4B-00C04F79EFBC}") = "Задание 3(лаба 5)", "Задание 3(лаба 5)\Задание 3(лаба 5).csproj", "{633999FA-8264-4A8C-96B9-BA7705E9E130}"
EndProject
Global
	GlobalSection(SolutionConfigurationPlatforms) = preSolution
		Debug|Any CPU = Debug|Any CPU
		Release|Any CPU = Release|Any CPU
	EndGlobalSection
	GlobalSection(ProjectConfigurationPlatforms) = postSolution
		{633999FA-8264-4A8C-96B9-BA7705E9E130}.Debug|Any CPU.ActiveCfg = Debug|Any CPU
		{633999FA-8264-4A8C-96B9-BA7705E9E130}.Debug|Any CPU.Build.0 = Debug|Any CPU
		{633999FA-8264-4A8C-96B9-BA7705E9E130}.Release|Any CPU.ActiveCfg = Release|Any CPU
		{633999FA-8264-4A8C-96B9-BA7705E9E130}.Release|Any CPU.Build.0 = Release|Any CPU
	EndGlobalSection
	GlobalSection(SolutionProperties) = preSolution
		HideSolutionNode = FALSE
	EndGlobalSection
	GlobalSection(ExtensibilityGlobals) = postSolution
		SolutionGuid = {3F97BEC2-60D6-437E-867E-AF81D21631BF}
	EndGlobalSection
EndGlobal
