
Microsoft Visual Studio Solution File, Format Version 12.00
# Visual Studio Version 16
VisualStudioVersion = 16.0.29215.179
MinimumVisualStudioVersion = 10.0.40219.1
Project("{FAE04EC0-301F-11D3-BF4B-00C04F79EFBC}") = "Задание 11", "Задание 11\Задание 11.csproj", "{59399FCB-721F-46D7-83E7-029A26E24755}"
EndProject
Global
	GlobalSection(SolutionConfigurationPlatforms) = preSolution
		Debug|Any CPU = Debug|Any CPU
		Release|Any CPU = Release|Any CPU
	EndGlobalSection
	GlobalSection(ProjectConfigurationPlatforms) = postSolution
		{59399FCB-721F-46D7-83E7-029A26E24755}.Debug|Any CPU.ActiveCfg = Debug|Any CPU
		{59399FCB-721F-46D7-83E7-029A26E24755}.Debug|Any CPU.Build.0 = Debug|Any CPU
		{59399FCB-721F-46D7-83E7-029A26E24755}.Release|Any CPU.ActiveCfg = Release|Any CPU
		{59399FCB-721F-46D7-83E7-029A26E24755}.Release|Any CPU.Build.0 = Release|Any CPU
	EndGlobalSection
	GlobalSection(SolutionProperties) = preSolution
		HideSolutionNode = FALSE
	EndGlobalSection
	GlobalSection(ExtensibilityGlobals) = postSolution
		SolutionGuid = {05C1BDEA-B416-4787-B1C3-C9042B930455}
	EndGlobalSection
EndGlobal
