
Microsoft Visual Studio Solution File, Format Version 12.00
# Visual Studio Version 16
VisualStudioVersion = 16.0.29326.143
MinimumVisualStudioVersion = 10.0.40219.1
Project("{FAE04EC0-301F-11D3-BF4B-00C04F79EFBC}") = "Задание 4(лаба 6)", "Задание 4(лаба 6)\Задание 4(лаба 6).csproj", "{7D93AD1B-B458-4383-B64F-CA939BEB36C7}"
EndProject
Global
	GlobalSection(SolutionConfigurationPlatforms) = preSolution
		Debug|Any CPU = Debug|Any CPU
		Release|Any CPU = Release|Any CPU
	EndGlobalSection
	GlobalSection(ProjectConfigurationPlatforms) = postSolution
		{7D93AD1B-B458-4383-B64F-CA939BEB36C7}.Debug|Any CPU.ActiveCfg = Debug|Any CPU
		{7D93AD1B-B458-4383-B64F-CA939BEB36C7}.Debug|Any CPU.Build.0 = Debug|Any CPU
		{7D93AD1B-B458-4383-B64F-CA939BEB36C7}.Release|Any CPU.ActiveCfg = Release|Any CPU
		{7D93AD1B-B458-4383-B64F-CA939BEB36C7}.Release|Any CPU.Build.0 = Release|Any CPU
	EndGlobalSection
	GlobalSection(SolutionProperties) = preSolution
		HideSolutionNode = FALSE
	EndGlobalSection
	GlobalSection(ExtensibilityGlobals) = postSolution
		SolutionGuid = {7BE39267-313C-4842-9939-204B4FABE22F}
	EndGlobalSection
EndGlobal
