
Microsoft Visual Studio Solution File, Format Version 12.00
# Visual Studio Version 16
VisualStudioVersion = 16.0.29326.143
MinimumVisualStudioVersion = 10.0.40219.1
Project("{FAE04EC0-301F-11D3-BF4B-00C04F79EFBC}") = "задание 10 лаба 7", "задание 10 лаба 7\задание 10 лаба 7.csproj", "{5DEF1AB2-136C-4146-BD82-B410919CA4F3}"
EndProject
Global
	GlobalSection(SolutionConfigurationPlatforms) = preSolution
		Debug|Any CPU = Debug|Any CPU
		Release|Any CPU = Release|Any CPU
	EndGlobalSection
	GlobalSection(ProjectConfigurationPlatforms) = postSolution
		{5DEF1AB2-136C-4146-BD82-B410919CA4F3}.Debug|Any CPU.ActiveCfg = Debug|Any CPU
		{5DEF1AB2-136C-4146-BD82-B410919CA4F3}.Debug|Any CPU.Build.0 = Debug|Any CPU
		{5DEF1AB2-136C-4146-BD82-B410919CA4F3}.Release|Any CPU.ActiveCfg = Release|Any CPU
		{5DEF1AB2-136C-4146-BD82-B410919CA4F3}.Release|Any CPU.Build.0 = Release|Any CPU
	EndGlobalSection
	GlobalSection(SolutionProperties) = preSolution
		HideSolutionNode = FALSE
	EndGlobalSection
	GlobalSection(ExtensibilityGlobals) = postSolution
		SolutionGuid = {E11254A4-AC2D-4FB0-90C8-6687A142A509}
	EndGlobalSection
EndGlobal
