
Microsoft Visual Studio Solution File, Format Version 12.00
# Visual Studio Version 16
VisualStudioVersion = 16.0.29215.179
MinimumVisualStudioVersion = 10.0.40219.1
Project("{FAE04EC0-301F-11D3-BF4B-00C04F79EFBC}") = "Задание 1(лаба 3)", "Задание 1(лаба 3)\Задание 1(лаба 3).csproj", "{15C15579-D002-447E-B45F-9D439F4E4D2A}"
EndProject
Global
	GlobalSection(SolutionConfigurationPlatforms) = preSolution
		Debug|Any CPU = Debug|Any CPU
		Release|Any CPU = Release|Any CPU
	EndGlobalSection
	GlobalSection(ProjectConfigurationPlatforms) = postSolution
		{15C15579-D002-447E-B45F-9D439F4E4D2A}.Debug|Any CPU.ActiveCfg = Debug|Any CPU
		{15C15579-D002-447E-B45F-9D439F4E4D2A}.Debug|Any CPU.Build.0 = Debug|Any CPU
		{15C15579-D002-447E-B45F-9D439F4E4D2A}.Release|Any CPU.ActiveCfg = Release|Any CPU
		{15C15579-D002-447E-B45F-9D439F4E4D2A}.Release|Any CPU.Build.0 = Release|Any CPU
	EndGlobalSection
	GlobalSection(SolutionProperties) = preSolution
		HideSolutionNode = FALSE
	EndGlobalSection
	GlobalSection(ExtensibilityGlobals) = postSolution
		SolutionGuid = {BC7E04FC-4BCF-4C85-A6C5-0768D8A75BCC}
	EndGlobalSection
EndGlobal
