
Microsoft Visual Studio Solution File, Format Version 12.00
# Visual Studio Version 16
VisualStudioVersion = 16.0.29326.143
MinimumVisualStudioVersion = 10.0.40219.1
Project("{FAE04EC0-301F-11D3-BF4B-00C04F79EFBC}") = "задание 8 лаба 10", "задание 8 лаба 10\задание 8 лаба 10.csproj", "{AA330378-A1E8-4768-9E25-732BCEE2B52C}"
EndProject
Global
	GlobalSection(SolutionConfigurationPlatforms) = preSolution
		Debug|Any CPU = Debug|Any CPU
		Release|Any CPU = Release|Any CPU
	EndGlobalSection
	GlobalSection(ProjectConfigurationPlatforms) = postSolution
		{AA330378-A1E8-4768-9E25-732BCEE2B52C}.Debug|Any CPU.ActiveCfg = Debug|Any CPU
		{AA330378-A1E8-4768-9E25-732BCEE2B52C}.Debug|Any CPU.Build.0 = Debug|Any CPU
		{AA330378-A1E8-4768-9E25-732BCEE2B52C}.Release|Any CPU.ActiveCfg = Release|Any CPU
		{AA330378-A1E8-4768-9E25-732BCEE2B52C}.Release|Any CPU.Build.0 = Release|Any CPU
	EndGlobalSection
	GlobalSection(SolutionProperties) = preSolution
		HideSolutionNode = FALSE
	EndGlobalSection
	GlobalSection(ExtensibilityGlobals) = postSolution
		SolutionGuid = {601E4A26-F918-4FA7-839D-21C1D43F2CB9}
	EndGlobalSection
EndGlobal
