
Microsoft Visual Studio Solution File, Format Version 12.00
# Visual Studio Version 16
VisualStudioVersion = 16.0.29326.143
MinimumVisualStudioVersion = 10.0.40219.1
Project("{FAE04EC0-301F-11D3-BF4B-00C04F79EFBC}") = "Задание 1 (лаба 7)", "Задание 1 (лаба 7)\Задание 1 (лаба 7).csproj", "{FB103938-0370-4D49-A264-771D23B13A61}"
EndProject
Global
	GlobalSection(SolutionConfigurationPlatforms) = preSolution
		Debug|Any CPU = Debug|Any CPU
		Release|Any CPU = Release|Any CPU
	EndGlobalSection
	GlobalSection(ProjectConfigurationPlatforms) = postSolution
		{FB103938-0370-4D49-A264-771D23B13A61}.Debug|Any CPU.ActiveCfg = Debug|Any CPU
		{FB103938-0370-4D49-A264-771D23B13A61}.Debug|Any CPU.Build.0 = Debug|Any CPU
		{FB103938-0370-4D49-A264-771D23B13A61}.Release|Any CPU.ActiveCfg = Release|Any CPU
		{FB103938-0370-4D49-A264-771D23B13A61}.Release|Any CPU.Build.0 = Release|Any CPU
	EndGlobalSection
	GlobalSection(SolutionProperties) = preSolution
		HideSolutionNode = FALSE
	EndGlobalSection
	GlobalSection(ExtensibilityGlobals) = postSolution
		SolutionGuid = {10BF45EF-2C81-4F52-8325-1A8EB2E7F676}
	EndGlobalSection
EndGlobal
