
Microsoft Visual Studio Solution File, Format Version 12.00
# Visual Studio Version 16
VisualStudioVersion = 16.0.29326.143
MinimumVisualStudioVersion = 10.0.40219.1
Project("{FAE04EC0-301F-11D3-BF4B-00C04F79EFBC}") = "задание 3 лаба 10", "задание 3 лаба 10\задание 3 лаба 10.csproj", "{79571CA2-DAA2-407F-86A4-E93BA00CB1EA}"
EndProject
Global
	GlobalSection(SolutionConfigurationPlatforms) = preSolution
		Debug|Any CPU = Debug|Any CPU
		Release|Any CPU = Release|Any CPU
	EndGlobalSection
	GlobalSection(ProjectConfigurationPlatforms) = postSolution
		{79571CA2-DAA2-407F-86A4-E93BA00CB1EA}.Debug|Any CPU.ActiveCfg = Debug|Any CPU
		{79571CA2-DAA2-407F-86A4-E93BA00CB1EA}.Debug|Any CPU.Build.0 = Debug|Any CPU
		{79571CA2-DAA2-407F-86A4-E93BA00CB1EA}.Release|Any CPU.ActiveCfg = Release|Any CPU
		{79571CA2-DAA2-407F-86A4-E93BA00CB1EA}.Release|Any CPU.Build.0 = Release|Any CPU
	EndGlobalSection
	GlobalSection(SolutionProperties) = preSolution
		HideSolutionNode = FALSE
	EndGlobalSection
	GlobalSection(ExtensibilityGlobals) = postSolution
		SolutionGuid = {7E9DCD7F-15EB-4831-B999-8361C89D4F0F}
	EndGlobalSection
EndGlobal
