
Microsoft Visual Studio Solution File, Format Version 12.00
# Visual Studio Version 16
VisualStudioVersion = 16.0.29326.143
MinimumVisualStudioVersion = 10.0.40219.1
Project("{FAE04EC0-301F-11D3-BF4B-00C04F79EFBC}") = "задание 6 лаба 10", "задание 6 лаба 10\задание 6 лаба 10.csproj", "{B44AD2BF-0291-41F1-8CCB-63CA0D381C43}"
EndProject
Global
	GlobalSection(SolutionConfigurationPlatforms) = preSolution
		Debug|Any CPU = Debug|Any CPU
		Release|Any CPU = Release|Any CPU
	EndGlobalSection
	GlobalSection(ProjectConfigurationPlatforms) = postSolution
		{B44AD2BF-0291-41F1-8CCB-63CA0D381C43}.Debug|Any CPU.ActiveCfg = Debug|Any CPU
		{B44AD2BF-0291-41F1-8CCB-63CA0D381C43}.Debug|Any CPU.Build.0 = Debug|Any CPU
		{B44AD2BF-0291-41F1-8CCB-63CA0D381C43}.Release|Any CPU.ActiveCfg = Release|Any CPU
		{B44AD2BF-0291-41F1-8CCB-63CA0D381C43}.Release|Any CPU.Build.0 = Release|Any CPU
	EndGlobalSection
	GlobalSection(SolutionProperties) = preSolution
		HideSolutionNode = FALSE
	EndGlobalSection
	GlobalSection(ExtensibilityGlobals) = postSolution
		SolutionGuid = {C198EDF2-AA17-4107-B653-2447E1E501C2}
	EndGlobalSection
EndGlobal
