
Microsoft Visual Studio Solution File, Format Version 12.00
# Visual Studio Version 16
VisualStudioVersion = 16.0.29728.190
MinimumVisualStudioVersion = 10.0.40219.1
Project("{FAE04EC0-301F-11D3-BF4B-00C04F79EFBC}") = "VideoGameShop2", "VideoGameShop2\VideoGameShop2.csproj", "{76C45238-9734-4B4E-A3EE-CA544CA48EEE}"
EndProject
Project("{FAE04EC0-301F-11D3-BF4B-00C04F79EFBC}") = "DAL", "DAL\DAL.csproj", "{CF424AA0-4FE8-4671-9803-82EB080F4E38}"
EndProject
Project("{FAE04EC0-301F-11D3-BF4B-00C04F79EFBC}") = "BLL", "BLL\BLL.csproj", "{566D0C3A-87CC-48E9-8E50-15610D3BE792}"
EndProject
Global
	GlobalSection(SolutionConfigurationPlatforms) = preSolution
		Debug|Any CPU = Debug|Any CPU
		Release|Any CPU = Release|Any CPU
	EndGlobalSection
	GlobalSection(ProjectConfigurationPlatforms) = postSolution
		{76C45238-9734-4B4E-A3EE-CA544CA48EEE}.Debug|Any CPU.ActiveCfg = Debug|Any CPU
		{76C45238-9734-4B4E-A3EE-CA544CA48EEE}.Debug|Any CPU.Build.0 = Debug|Any CPU
		{76C45238-9734-4B4E-A3EE-CA544CA48EEE}.Release|Any CPU.ActiveCfg = Release|Any CPU
		{76C45238-9734-4B4E-A3EE-CA544CA48EEE}.Release|Any CPU.Build.0 = Release|Any CPU
		{CF424AA0-4FE8-4671-9803-82EB080F4E38}.Debug|Any CPU.ActiveCfg = Debug|Any CPU
		{CF424AA0-4FE8-4671-9803-82EB080F4E38}.Debug|Any CPU.Build.0 = Debug|Any CPU
		{CF424AA0-4FE8-4671-9803-82EB080F4E38}.Release|Any CPU.ActiveCfg = Release|Any CPU
		{CF424AA0-4FE8-4671-9803-82EB080F4E38}.Release|Any CPU.Build.0 = Release|Any CPU
		{566D0C3A-87CC-48E9-8E50-15610D3BE792}.Debug|Any CPU.ActiveCfg = Debug|Any CPU
		{566D0C3A-87CC-48E9-8E50-15610D3BE792}.Debug|Any CPU.Build.0 = Debug|Any CPU
		{566D0C3A-87CC-48E9-8E50-15610D3BE792}.Release|Any CPU.ActiveCfg = Release|Any CPU
		{566D0C3A-87CC-48E9-8E50-15610D3BE792}.Release|Any CPU.Build.0 = Release|Any CPU
	EndGlobalSection
	GlobalSection(SolutionProperties) = preSolution
		HideSolutionNode = FALSE
	EndGlobalSection
	GlobalSection(ExtensibilityGlobals) = postSolution
		SolutionGuid = {0AC71464-8FB3-4A4B-B339-56B873C8B31B}
	EndGlobalSection
EndGlobal
