
Microsoft Visual Studio Solution File, Format Version 12.00
# Visual Studio Version 16
VisualStudioVersion = 16.0.29215.179
MinimumVisualStudioVersion = 10.0.40219.1
Project("{FAE04EC0-301F-11D3-BF4B-00C04F79EFBC}") = "Задание 9(лаба 3)", "Задание 9(лаба 3)\Задание 9(лаба 3).csproj", "{78965E73-03A9-44E3-8177-A28BE9B79AC7}"
EndProject
Global
	GlobalSection(SolutionConfigurationPlatforms) = preSolution
		Debug|Any CPU = Debug|Any CPU
		Release|Any CPU = Release|Any CPU
	EndGlobalSection
	GlobalSection(ProjectConfigurationPlatforms) = postSolution
		{78965E73-03A9-44E3-8177-A28BE9B79AC7}.Debug|Any CPU.ActiveCfg = Debug|Any CPU
		{78965E73-03A9-44E3-8177-A28BE9B79AC7}.Debug|Any CPU.Build.0 = Debug|Any CPU
		{78965E73-03A9-44E3-8177-A28BE9B79AC7}.Release|Any CPU.ActiveCfg = Release|Any CPU
		{78965E73-03A9-44E3-8177-A28BE9B79AC7}.Release|Any CPU.Build.0 = Release|Any CPU
	EndGlobalSection
	GlobalSection(SolutionProperties) = preSolution
		HideSolutionNode = FALSE
	EndGlobalSection
	GlobalSection(ExtensibilityGlobals) = postSolution
		SolutionGuid = {45C70C8A-639F-418F-AD9E-95BF0461ECD4}
	EndGlobalSection
EndGlobal
