
Microsoft Visual Studio Solution File, Format Version 12.00
# Visual Studio Version 16
VisualStudioVersion = 16.0.29215.179
MinimumVisualStudioVersion = 10.0.40219.1
Project("{FAE04EC0-301F-11D3-BF4B-00C04F79EFBC}") = "Задание 6", "Задание 6\Задание 6.csproj", "{620D03DF-AF40-4828-89EC-D2748077000A}"
EndProject
Global
	GlobalSection(SolutionConfigurationPlatforms) = preSolution
		Debug|Any CPU = Debug|Any CPU
		Release|Any CPU = Release|Any CPU
	EndGlobalSection
	GlobalSection(ProjectConfigurationPlatforms) = postSolution
		{620D03DF-AF40-4828-89EC-D2748077000A}.Debug|Any CPU.ActiveCfg = Debug|Any CPU
		{620D03DF-AF40-4828-89EC-D2748077000A}.Debug|Any CPU.Build.0 = Debug|Any CPU
		{620D03DF-AF40-4828-89EC-D2748077000A}.Release|Any CPU.ActiveCfg = Release|Any CPU
		{620D03DF-AF40-4828-89EC-D2748077000A}.Release|Any CPU.Build.0 = Release|Any CPU
	EndGlobalSection
	GlobalSection(SolutionProperties) = preSolution
		HideSolutionNode = FALSE
	EndGlobalSection
	GlobalSection(ExtensibilityGlobals) = postSolution
		SolutionGuid = {978DBF2C-F01B-4832-BDAA-DA4AE16FE352}
	EndGlobalSection
EndGlobal
