
Microsoft Visual Studio Solution File, Format Version 12.00
# Visual Studio Version 16
VisualStudioVersion = 16.0.29215.179
MinimumVisualStudioVersion = 10.0.40219.1
Project("{FAE04EC0-301F-11D3-BF4B-00C04F79EFBC}") = "Задание 8", "Задание 8\Задание 8.csproj", "{FB67BF84-08A0-40E6-A513-22C465C211F7}"
EndProject
Global
	GlobalSection(SolutionConfigurationPlatforms) = preSolution
		Debug|Any CPU = Debug|Any CPU
		Release|Any CPU = Release|Any CPU
	EndGlobalSection
	GlobalSection(ProjectConfigurationPlatforms) = postSolution
		{FB67BF84-08A0-40E6-A513-22C465C211F7}.Debug|Any CPU.ActiveCfg = Debug|Any CPU
		{FB67BF84-08A0-40E6-A513-22C465C211F7}.Debug|Any CPU.Build.0 = Debug|Any CPU
		{FB67BF84-08A0-40E6-A513-22C465C211F7}.Release|Any CPU.ActiveCfg = Release|Any CPU
		{FB67BF84-08A0-40E6-A513-22C465C211F7}.Release|Any CPU.Build.0 = Release|Any CPU
	EndGlobalSection
	GlobalSection(SolutionProperties) = preSolution
		HideSolutionNode = FALSE
	EndGlobalSection
	GlobalSection(ExtensibilityGlobals) = postSolution
		SolutionGuid = {5AB51214-3A76-4923-A2C6-E06BF647376F}
	EndGlobalSection
EndGlobal
