
Microsoft Visual Studio Solution File, Format Version 12.00
# Visual Studio Version 16
VisualStudioVersion = 16.0.29215.179
MinimumVisualStudioVersion = 10.0.40219.1
Project("{FAE04EC0-301F-11D3-BF4B-00C04F79EFBC}") = "Задание 5(лаба 2)", "Задание 5(лаба 2)\Задание 5(лаба 2).csproj", "{4A09882A-ECB2-4516-8016-6B7BA2D27C42}"
EndProject
Global
	GlobalSection(SolutionConfigurationPlatforms) = preSolution
		Debug|Any CPU = Debug|Any CPU
		Release|Any CPU = Release|Any CPU
	EndGlobalSection
	GlobalSection(ProjectConfigurationPlatforms) = postSolution
		{4A09882A-ECB2-4516-8016-6B7BA2D27C42}.Debug|Any CPU.ActiveCfg = Debug|Any CPU
		{4A09882A-ECB2-4516-8016-6B7BA2D27C42}.Debug|Any CPU.Build.0 = Debug|Any CPU
		{4A09882A-ECB2-4516-8016-6B7BA2D27C42}.Release|Any CPU.ActiveCfg = Release|Any CPU
		{4A09882A-ECB2-4516-8016-6B7BA2D27C42}.Release|Any CPU.Build.0 = Release|Any CPU
	EndGlobalSection
	GlobalSection(SolutionProperties) = preSolution
		HideSolutionNode = FALSE
	EndGlobalSection
	GlobalSection(ExtensibilityGlobals) = postSolution
		SolutionGuid = {3BCA09D2-8DC8-46B6-ACCD-B4230DF1CD52}
	EndGlobalSection
EndGlobal
