
Microsoft Visual Studio Solution File, Format Version 12.00
# Visual Studio Version 16
VisualStudioVersion = 16.0.29326.143
MinimumVisualStudioVersion = 10.0.40219.1
Project("{FAE04EC0-301F-11D3-BF4B-00C04F79EFBC}") = "задание 3 лаба 12", "задание 3 лаба 12\задание 3 лаба 12.csproj", "{D77FC484-FBAE-44AE-8F19-DE09E6C68CF7}"
EndProject
Global
	GlobalSection(SolutionConfigurationPlatforms) = preSolution
		Debug|Any CPU = Debug|Any CPU
		Release|Any CPU = Release|Any CPU
	EndGlobalSection
	GlobalSection(ProjectConfigurationPlatforms) = postSolution
		{D77FC484-FBAE-44AE-8F19-DE09E6C68CF7}.Debug|Any CPU.ActiveCfg = Debug|Any CPU
		{D77FC484-FBAE-44AE-8F19-DE09E6C68CF7}.Debug|Any CPU.Build.0 = Debug|Any CPU
		{D77FC484-FBAE-44AE-8F19-DE09E6C68CF7}.Release|Any CPU.ActiveCfg = Release|Any CPU
		{D77FC484-FBAE-44AE-8F19-DE09E6C68CF7}.Release|Any CPU.Build.0 = Release|Any CPU
	EndGlobalSection
	GlobalSection(SolutionProperties) = preSolution
		HideSolutionNode = FALSE
	EndGlobalSection
	GlobalSection(ExtensibilityGlobals) = postSolution
		SolutionGuid = {C64910E8-44C4-4BEF-8997-895470A44CEB}
	EndGlobalSection
EndGlobal
