
Microsoft Visual Studio Solution File, Format Version 12.00
# Visual Studio Version 16
VisualStudioVersion = 16.0.29215.179
MinimumVisualStudioVersion = 10.0.40219.1
Project("{FAE04EC0-301F-11D3-BF4B-00C04F79EFBC}") = "Задание 8(лаба 3)", "Задание 8(лаба 3)\Задание 8(лаба 3).csproj", "{A7785456-C0BA-4F05-8FC8-B28B2CA8D2A6}"
EndProject
Global
	GlobalSection(SolutionConfigurationPlatforms) = preSolution
		Debug|Any CPU = Debug|Any CPU
		Release|Any CPU = Release|Any CPU
	EndGlobalSection
	GlobalSection(ProjectConfigurationPlatforms) = postSolution
		{A7785456-C0BA-4F05-8FC8-B28B2CA8D2A6}.Debug|Any CPU.ActiveCfg = Debug|Any CPU
		{A7785456-C0BA-4F05-8FC8-B28B2CA8D2A6}.Debug|Any CPU.Build.0 = Debug|Any CPU
		{A7785456-C0BA-4F05-8FC8-B28B2CA8D2A6}.Release|Any CPU.ActiveCfg = Release|Any CPU
		{A7785456-C0BA-4F05-8FC8-B28B2CA8D2A6}.Release|Any CPU.Build.0 = Release|Any CPU
	EndGlobalSection
	GlobalSection(SolutionProperties) = preSolution
		HideSolutionNode = FALSE
	EndGlobalSection
	GlobalSection(ExtensibilityGlobals) = postSolution
		SolutionGuid = {956EC440-1AD6-414F-B74F-87C5125AFA4F}
	EndGlobalSection
EndGlobal
